
Microsoft Visual Studio Solution File, Format Version 12.00
# Visual Studio 14
VisualStudioVersion = 14.0.23107.0
MinimumVisualStudioVersion = 10.0.40219.1
Project("{FAE04EC0-301F-11D3-BF4B-00C04F79EFBC}") = "IMClient", "WpfApplication1\IMClient.csproj", "{5E73D950-9087-48B5-93E6-C04EEF331EC9}"
EndProject
Global
	GlobalSection(SolutionConfigurationPlatforms) = preSolution
		CD_ROM|Any CPU = CD_ROM|Any CPU
		CD_ROM|x64 = CD_ROM|x64
		Debug|Any CPU = Debug|Any CPU
		Debug|x64 = Debug|x64
		DVD-5|Any CPU = DVD-5|Any CPU
		DVD-5|x64 = DVD-5|x64
		Release|Any CPU = Release|Any CPU
		Release|x64 = Release|x64
		SingleImage|Any CPU = SingleImage|Any CPU
		SingleImage|x64 = SingleImage|x64
	EndGlobalSection
	GlobalSection(ProjectConfigurationPlatforms) = postSolution
		{5E73D950-9087-48B5-93E6-C04EEF331EC9}.CD_ROM|Any CPU.ActiveCfg = Release|Any CPU
		{5E73D950-9087-48B5-93E6-C04EEF331EC9}.CD_ROM|Any CPU.Build.0 = Release|Any CPU
		{5E73D950-9087-48B5-93E6-C04EEF331EC9}.CD_ROM|x64.ActiveCfg = Release|x64
		{5E73D950-9087-48B5-93E6-C04EEF331EC9}.CD_ROM|x64.Build.0 = Release|x64
		{5E73D950-9087-48B5-93E6-C04EEF331EC9}.Debug|Any CPU.ActiveCfg = Debug|Any CPU
		{5E73D950-9087-48B5-93E6-C04EEF331EC9}.Debug|Any CPU.Build.0 = Debug|Any CPU
		{5E73D950-9087-48B5-93E6-C04EEF331EC9}.Debug|x64.ActiveCfg = Debug|x64
		{5E73D950-9087-48B5-93E6-C04EEF331EC9}.Debug|x64.Build.0 = Debug|x64
		{5E73D950-9087-48B5-93E6-C04EEF331EC9}.Debug|x64.Deploy.0 = Debug|x64
		{5E73D950-9087-48B5-93E6-C04EEF331EC9}.DVD-5|Any CPU.ActiveCfg = Debug|Any CPU
		{5E73D950-9087-48B5-93E6-C04EEF331EC9}.DVD-5|Any CPU.Build.0 = Debug|Any CPU
		{5E73D950-9087-48B5-93E6-C04EEF331EC9}.DVD-5|x64.ActiveCfg = Debug|x64
		{5E73D950-9087-48B5-93E6-C04EEF331EC9}.DVD-5|x64.Build.0 = Debug|x64
		{5E73D950-9087-48B5-93E6-C04EEF331EC9}.Release|Any CPU.ActiveCfg = Release|Any CPU
		{5E73D950-9087-48B5-93E6-C04EEF331EC9}.Release|Any CPU.Build.0 = Release|Any CPU
		{5E73D950-9087-48B5-93E6-C04EEF331EC9}.Release|x64.ActiveCfg = Release|x64
		{5E73D950-9087-48B5-93E6-C04EEF331EC9}.Release|x64.Build.0 = Release|x64
		{5E73D950-9087-48B5-93E6-C04EEF331EC9}.SingleImage|Any CPU.ActiveCfg = Release|Any CPU
		{5E73D950-9087-48B5-93E6-C04EEF331EC9}.SingleImage|Any CPU.Build.0 = Release|Any CPU
		{5E73D950-9087-48B5-93E6-C04EEF331EC9}.SingleImage|x64.ActiveCfg = Release|x64
		{5E73D950-9087-48B5-93E6-C04EEF331EC9}.SingleImage|x64.Build.0 = Release|x64
	EndGlobalSection
	GlobalSection(SolutionProperties) = preSolution
		HideSolutionNode = FALSE
	EndGlobalSection
EndGlobal
